
Microsoft Visual Studio Solution File, Format Version 12.00
# Visual Studio Version 16
VisualStudioVersion = 16.0.29709.97
MinimumVisualStudioVersion = 10.0.40219.1
Project("{FAE04EC0-301F-11D3-BF4B-00C04F79EFBC}") = "Deliverable _2 _Conditional_Statemen_Paula", "Deliverable _2 _Conditional_Statemen_Paula.csproj", "{60A8269D-5F06-4CA6-A832-9C0110905A9E}"
EndProject
Global
	GlobalSection(SolutionConfigurationPlatforms) = preSolution
		Debug|Any CPU = Debug|Any CPU
		Release|Any CPU = Release|Any CPU
	EndGlobalSection
	GlobalSection(ProjectConfigurationPlatforms) = postSolution
		{60A8269D-5F06-4CA6-A832-9C0110905A9E}.Debug|Any CPU.ActiveCfg = Debug|Any CPU
		{60A8269D-5F06-4CA6-A832-9C0110905A9E}.Debug|Any CPU.Build.0 = Debug|Any CPU
		{60A8269D-5F06-4CA6-A832-9C0110905A9E}.Release|Any CPU.ActiveCfg = Release|Any CPU
		{60A8269D-5F06-4CA6-A832-9C0110905A9E}.Release|Any CPU.Build.0 = Release|Any CPU
	EndGlobalSection
	GlobalSection(SolutionProperties) = preSolution
		HideSolutionNode = FALSE
	EndGlobalSection
	GlobalSection(ExtensibilityGlobals) = postSolution
		SolutionGuid = {9E5D883A-1789-4DE1-BC24-BF5033835C68}
	EndGlobalSection
EndGlobal
